
Microsoft Visual Studio Solution File, Format Version 12.00
# Visual Studio Version 16
VisualStudioVersion = 16.0.31205.134
MinimumVisualStudioVersion = 10.0.40219.1
Project("{9A19103F-16F7-4668-BE54-9A1E7A4F7556}") = "LexicalAnalyzer", "LexicalAnalyzer\LexicalAnalyzer.csproj", "{5F5B7F81-EE84-42AA-AA07-DDC1151BCFDD}"
EndProject
Project("{2150E333-8FDC-42A3-9474-1A3956D46DE8}") = "Solution Items", "Solution Items", "{3C079B1C-E8EB-4DD8-AF53-792EBF0DD112}"
EndProject
Global
	GlobalSection(SolutionConfigurationPlatforms) = preSolution
		Debug|Any CPU = Debug|Any CPU
		Release|Any CPU = Release|Any CPU
	EndGlobalSection
	GlobalSection(ProjectConfigurationPlatforms) = postSolution
		{5F5B7F81-EE84-42AA-AA07-DDC1151BCFDD}.Debug|Any CPU.ActiveCfg = Debug|Any CPU
		{5F5B7F81-EE84-42AA-AA07-DDC1151BCFDD}.Debug|Any CPU.Build.0 = Debug|Any CPU
		{5F5B7F81-EE84-42AA-AA07-DDC1151BCFDD}.Release|Any CPU.ActiveCfg = Release|Any CPU
		{5F5B7F81-EE84-42AA-AA07-DDC1151BCFDD}.Release|Any CPU.Build.0 = Release|Any CPU
	EndGlobalSection
	GlobalSection(SolutionProperties) = preSolution
		HideSolutionNode = FALSE
	EndGlobalSection
	GlobalSection(ExtensibilityGlobals) = postSolution
		SolutionGuid = {2EA0E147-B4B4-45BF-B846-0C0FA0C63D21}
	EndGlobalSection
EndGlobal
